{
  "name": "@wisent-ai/weles-benchmark",
  "version": "0.1.0",
  "lockfileVersion": 3,
  "requires": true,
  "packages": {
    "": {
      "name": "@wisent-ai/weles-benchmark",
      "version": "0.1.0",
      "license": "MIT",
      "dependencies": {
        "@wisent-ai/weles-client": "https://github.com/wisent-ai/weles-client/archive/c171a6e38f6a90c7fbdbad234a5437f166f10650.tar.gz"
      },
      "bin": {
        "weles-benchmark": "dist/cli.js"
      },
      "devDependencies": {
        "@types/node": "^24.0.0",
        "typescript": "^5.9.0"
      },
      "engines": {
        "node": ">=22"
      }
    },
    "node_modules/@types/node": {
      "version": "24.13.3",
      "resolved": "https://registry.npmjs.org/@types/node/-/node-24.13.3.tgz",
      "integrity": "sha512-Dh8vAsV36ig5wa9OX4pXvMc9D3Veibfw2wix0CUwYODLD8nkj9UsLjASr49nPg+2eKzxhBV+v7L8pXvT4e639Q==",
      "dev": true,
      "license": "MIT",
      "dependencies": {
        "undici-types": "~7.18.0"
      }
    },
    "node_modules/@wisent-ai/weles-client": {
      "version": "0.1.0",
      "resolved": "https://github.com/wisent-ai/weles-client/archive/c171a6e38f6a90c7fbdbad234a5437f166f10650.tar.gz",
      "integrity": "sha512-hwjT8Qe9jKU41nrfQUuKEtj9IkFK6Kc/SZEVKmRwXmtUiMqkPE0Dv6MEjTEZuPfqpCr7JwOoNxugG7L6oqc2rA==",
      "license": "SEE LICENSE IN LICENSE",
      "bin": {
        "weles-skarbiec-acquire": "bin/weles-skarbiec-acquire.mjs"
      }
    },
    "node_modules/typescript": {
      "version": "5.9.3",
      "resolved": "https://registry.npmjs.org/typescript/-/typescript-5.9.3.tgz",
      "integrity": "sha512-jl1vZzPDinLr9eUt3J/t7V6FgNEw9QjvBPdysz9KfQDD41fQrC2Y4vKQdiaUpFT4bXlb1RHhLpp8wtm6M5TgSw==",
      "dev": true,
      "license": "Apache-2.0",
      "bin": {
        "tsc": "bin/tsc",
        "tsserver": "bin/tsserver"
      },
      "engines": {
        "node": ">=14.17"
      }
    },
    "node_modules/undici-types": {
      "version": "7.18.2",
      "resolved": "https://registry.npmjs.org/undici-types/-/undici-types-7.18.2.tgz",
      "integrity": "sha512-AsuCzffGHJybSaRrmr5eHr81mwJU3kjw6M+uprWvCXiNeN9SOGwQ3Jn8jb8m3Z6izVgknn1R0FTCEAP2QrLY/w==",
      "dev": true,
      "license": "MIT"
    }
  }
}
